
Microsoft Visual Studio Solution File, Format Version 12.00
# Visual Studio Version 17
VisualStudioVersion = 17.10.35326.205
MinimumVisualStudioVersion = 10.0.40219.1
Project("{9A19103F-16F7-4668-BE54-9A1E7A4F7556}") = "Universe.NUnitPipeline", "Universe.NUnitPipeline\Universe.NUnitPipeline.csproj", "{3C3C7784-4AFA-47D5-8A43-30D8542210CD}"
EndProject
Project("{FAE04EC0-301F-11D3-BF4B-00C04F79EFBC}") = "Universe.NUnitPipeline.Tests", "Universe.NUnitPipeline.Tests\Universe.NUnitPipeline.Tests.csproj", "{D512A8A0-5080-4A99-B31C-781BB167A41F}"
EndProject
Global
	GlobalSection(SolutionConfigurationPlatforms) = preSolution
		Debug|Any CPU = Debug|Any CPU
		Release|Any CPU = Release|Any CPU
	EndGlobalSection
	GlobalSection(ProjectConfigurationPlatforms) = postSolution
		{3C3C7784-4AFA-47D5-8A43-30D8542210CD}.Debug|Any CPU.ActiveCfg = Debug|Any CPU
		{3C3C7784-4AFA-47D5-8A43-30D8542210CD}.Debug|Any CPU.Build.0 = Debug|Any CPU
		{3C3C7784-4AFA-47D5-8A43-30D8542210CD}.Release|Any CPU.ActiveCfg = Release|Any CPU
		{3C3C7784-4AFA-47D5-8A43-30D8542210CD}.Release|Any CPU.Build.0 = Release|Any CPU
		{D512A8A0-5080-4A99-B31C-781BB167A41F}.Debug|Any CPU.ActiveCfg = Debug|Any CPU
		{D512A8A0-5080-4A99-B31C-781BB167A41F}.Debug|Any CPU.Build.0 = Debug|Any CPU
		{D512A8A0-5080-4A99-B31C-781BB167A41F}.Release|Any CPU.ActiveCfg = Release|Any CPU
		{D512A8A0-5080-4A99-B31C-781BB167A41F}.Release|Any CPU.Build.0 = Release|Any CPU
	EndGlobalSection
	GlobalSection(SolutionProperties) = preSolution
		HideSolutionNode = FALSE
	EndGlobalSection
	GlobalSection(ExtensibilityGlobals) = postSolution
		SolutionGuid = {92408837-B23F-46DC-885F-153EE0D88CC7}
	EndGlobalSection
EndGlobal
